// !$*UTF8*$!
{
	archiveVersion = 1;
	classes = {
	};
	objectVersion = 56;
	objects = {

/* Begin PBXBuildFile section */
		C8C125892B40000300586063 /* CopilotForXcodeKit in Frameworks */ = {isa = PBXBuildFile; productRef = C8C125882B40000300586063 /* CopilotForXcodeKit */; };
		C8C1258B2B40002200586063 /* SuggestionService.swift in Sources */ = {isa = PBXBuildFile; fileRef = C8C1258A2B40002200586063 /* SuggestionService.swift */; };
		C8C505632B3FFE4D00B68DA9 /* ExampleApp.swift in Sources */ = {isa = PBXBuildFile; fileRef = C8C505622B3FFE4D00B68DA9 /* ExampleApp.swift */; };
		C8C505652B3FFE4D00B68DA9 /* ContentView.swift in Sources */ = {isa = PBXBuildFile; fileRef = C8C505642B3FFE4D00B68DA9 /* ContentView.swift */; };
		C8C505672B3FFE4E00B68DA9 /* Assets.xcassets in Resources */ = {isa = PBXBuildFile; fileRef = C8C505662B3FFE4E00B68DA9 /* Assets.xcassets */; };
		C8C5056A2B3FFE4E00B68DA9 /* Preview Assets.xcassets in Resources */ = {isa = PBXBuildFile; fileRef = C8C505692B3FFE4E00B68DA9 /* Preview Assets.xcassets */; };
		C8C505782B3FFE8400B68DA9 /* ExampleExtension.swift in Sources */ = {isa = PBXBuildFile; fileRef = C8C505772B3FFE8400B68DA9 /* ExampleExtension.swift */; };
		C8C5057D2B3FFE8400B68DA9 /* ExampleExtension.appex in Embed ExtensionKit Extensions */ = {isa = PBXBuildFile; fileRef = C8C505752B3FFE8400B68DA9 /* ExampleExtension.appex */; settings = {ATTRIBUTES = (RemoveHeadersOnCopy, ); }; };
		C8C505832B3FFF0500B68DA9 /* SceneConfiguration.swift in Sources */ = {isa = PBXBuildFile; fileRef = C8C505822B3FFF0500B68DA9 /* SceneConfiguration.swift */; };
/* End PBXBuildFile section */

/* Begin PBXContainerItemProxy section */
		C8C5057B2B3FFE8400B68DA9 /* PBXContainerItemProxy */ = {
			isa = PBXContainerItemProxy;
			containerPortal = C8C505572B3FFE4D00B68DA9 /* Project object */;
			proxyType = 1;
			remoteGlobalIDString = C8C505742B3FFE8400B68DA9;
			remoteInfo = ExampleExtension;
		};
/* End PBXContainerItemProxy section */

/* Begin PBXCopyFilesBuildPhase section */
		C8C5057E2B3FFE8400B68DA9 /* Embed ExtensionKit Extensions */ = {
			isa = PBXCopyFilesBuildPhase;
			buildActionMask = 2147483647;
			dstPath = "$(EXTENSIONS_FOLDER_PATH)";
			dstSubfolderSpec = 16;
			files = (
				C8C5057D2B3FFE8400B68DA9 /* ExampleExtension.appex in Embed ExtensionKit Extensions */,
			);
			name = "Embed ExtensionKit Extensions";
			runOnlyForDeploymentPostprocessing = 0;
		};
/* End PBXCopyFilesBuildPhase section */

/* Begin PBXFileReference section */
		C8C1258A2B40002200586063 /* SuggestionService.swift */ = {isa = PBXFileReference; lastKnownFileType = sourcecode.swift; path = SuggestionService.swift; sourceTree = "<group>"; };
		C8C5055F2B3FFE4D00B68DA9 /* Example.app */ = {isa = PBXFileReference; explicitFileType = wrapper.application; includeInIndex = 0; path = Example.app; sourceTree = BUILT_PRODUCTS_DIR; };
		C8C505622B3FFE4D00B68DA9 /* ExampleApp.swift */ = {isa = PBXFileReference; lastKnownFileType = sourcecode.swift; path = ExampleApp.swift; sourceTree = "<group>"; };
		C8C505642B3FFE4D00B68DA9 /* ContentView.swift */ = {isa = PBXFileReference; lastKnownFileType = sourcecode.swift; path = ContentView.swift; sourceTree = "<group>"; };
		C8C505662B3FFE4E00B68DA9 /* Assets.xcassets */ = {isa = PBXFileReference; lastKnownFileType = folder.assetcatalog; path = Assets.xcassets; sourceTree = "<group>"; };
		C8C505692B3FFE4E00B68DA9 /* Preview Assets.xcassets */ = {isa = PBXFileReference; lastKnownFileType = folder.assetcatalog; path = "Preview Assets.xcassets"; sourceTree = "<group>"; };
		C8C5056B2B3FFE4E00B68DA9 /* Example.entitlements */ = {isa = PBXFileReference; lastKnownFileType = text.plist.entitlements; path = Example.entitlements; sourceTree = "<group>"; };
		C8C505752B3FFE8400B68DA9 /* ExampleExtension.appex */ = {isa = PBXFileReference; explicitFileType = "wrapper.extensionkit-extension"; includeInIndex = 0; path = ExampleExtension.appex; sourceTree = BUILT_PRODUCTS_DIR; };
		C8C505772B3FFE8400B68DA9 /* ExampleExtension.swift */ = {isa = PBXFileReference; lastKnownFileType = sourcecode.swift; path = ExampleExtension.swift; sourceTree = "<group>"; };
		C8C505792B3FFE8400B68DA9 /* Info.plist */ = {isa = PBXFileReference; lastKnownFileType = text.plist.xml; path = Info.plist; sourceTree = "<group>"; };
		C8C5057A2B3FFE8400B68DA9 /* ExampleExtension.entitlements */ = {isa = PBXFileReference; lastKnownFileType = text.plist.entitlements; path = ExampleExtension.entitlements; sourceTree = "<group>"; };
		C8C505822B3FFF0500B68DA9 /* SceneConfiguration.swift */ = {isa = PBXFileReference; lastKnownFileType = sourcecode.swift; path = SceneConfiguration.swift; sourceTree = "<group>"; };
/* End PBXFileReference section */

/* Begin PBXFrameworksBuildPhase section */
		C8C5055C2B3FFE4D00B68DA9 /* Frameworks */ = {
			isa = PBXFrameworksBuildPhase;
			buildActionMask = 2147483647;
			files = (
			);
			runOnlyForDeploymentPostprocessing = 0;
		};
		C8C505722B3FFE8400B68DA9 /* Frameworks */ = {
			isa = PBXFrameworksBuildPhase;
			buildActionMask = 2147483647;
			files = (
				C8C125892B40000300586063 /* CopilotForXcodeKit in Frameworks */,
			);
			runOnlyForDeploymentPostprocessing = 0;
		};
/* End PBXFrameworksBuildPhase section */

/* Begin PBXGroup section */
		C8C505562B3FFE4D00B68DA9 = {
			isa = PBXGroup;
			children = (
				C8C505612B3FFE4D00B68DA9 /* Example */,
				C8C505762B3FFE8400B68DA9 /* ExampleExtension */,
				C8C505602B3FFE4D00B68DA9 /* Products */,
				C8C505842B3FFF6A00B68DA9 /* Frameworks */,
			);
			sourceTree = "<group>";
		};
		C8C505602B3FFE4D00B68DA9 /* Products */ = {
			isa = PBXGroup;
			children = (
				C8C5055F2B3FFE4D00B68DA9 /* Example.app */,
				C8C505752B3FFE8400B68DA9 /* ExampleExtension.appex */,
			);
			name = Products;
			sourceTree = "<group>";
		};
		C8C505612B3FFE4D00B68DA9 /* Example */ = {
			isa = PBXGroup;
			children = (
				C8C505622B3FFE4D00B68DA9 /* ExampleApp.swift */,
				C8C505642B3FFE4D00B68DA9 /* ContentView.swift */,
				C8C505662B3FFE4E00B68DA9 /* Assets.xcassets */,
				C8C5056B2B3FFE4E00B68DA9 /* Example.entitlements */,
				C8C505682B3FFE4E00B68DA9 /* Preview Content */,
			);
			path = Example;
			sourceTree = "<group>";
		};
		C8C505682B3FFE4E00B68DA9 /* Preview Content */ = {
			isa = PBXGroup;
			children = (
				C8C505692B3FFE4E00B68DA9 /* Preview Assets.xcassets */,
			);
			path = "Preview Content";
			sourceTree = "<group>";
		};
		C8C505762B3FFE8400B68DA9 /* ExampleExtension */ = {
			isa = PBXGroup;
			children = (
				C8C505772B3FFE8400B68DA9 /* ExampleExtension.swift */,
				C8C505822B3FFF0500B68DA9 /* SceneConfiguration.swift */,
				C8C1258A2B40002200586063 /* SuggestionService.swift */,
				C8C505792B3FFE8400B68DA9 /* Info.plist */,
				C8C5057A2B3FFE8400B68DA9 /* ExampleExtension.entitlements */,
			);
			path = ExampleExtension;
			sourceTree = "<group>";
		};
		C8C505842B3FFF6A00B68DA9 /* Frameworks */ = {
			isa = PBXGroup;
			children = (
			);
			name = Frameworks;
			sourceTree = "<group>";
		};
/* End PBXGroup section */

/* Begin PBXNativeTarget section */
		C8C5055E2B3FFE4D00B68DA9 /* Example */ = {
			isa = PBXNativeTarget;
			buildConfigurationList = C8C5056E2B3FFE4E00B68DA9 /* Build configuration list for PBXNativeTarget "Example" */;
			buildPhases = (
				C8C5055B2B3FFE4D00B68DA9 /* Sources */,
				C8C5055C2B3FFE4D00B68DA9 /* Frameworks */,
				C8C5055D2B3FFE4D00B68DA9 /* Resources */,
				C8C5057E2B3FFE8400B68DA9 /* Embed ExtensionKit Extensions */,
			);
			buildRules = (
			);
			dependencies = (
				C8C5057C2B3FFE8400B68DA9 /* PBXTargetDependency */,
			);
			name = Example;
			productName = Example;
			productReference = C8C5055F2B3FFE4D00B68DA9 /* Example.app */;
			productType = "com.apple.product-type.application";
		};
		C8C505742B3FFE8400B68DA9 /* ExampleExtension */ = {
			isa = PBXNativeTarget;
			buildConfigurationList = C8C505812B3FFE8400B68DA9 /* Build configuration list for PBXNativeTarget "ExampleExtension" */;
			buildPhases = (
				C8C505712B3FFE8400B68DA9 /* Sources */,
				C8C505722B3FFE8400B68DA9 /* Frameworks */,
				C8C505732B3FFE8400B68DA9 /* Resources */,
			);
			buildRules = (
			);
			dependencies = (
			);
			name = ExampleExtension;
			packageProductDependencies = (
				C8C125882B40000300586063 /* CopilotForXcodeKit */,
			);
			productName = ExampleExtension;
			productReference = C8C505752B3FFE8400B68DA9 /* ExampleExtension.appex */;
			productType = "com.apple.product-type.extensionkit-extension";
		};
/* End PBXNativeTarget section */

/* Begin PBXProject section */
		C8C505572B3FFE4D00B68DA9 /* Project object */ = {
			isa = PBXProject;
			attributes = {
				BuildIndependentTargetsInParallel = 1;
				LastSwiftUpdateCheck = 1500;
				LastUpgradeCheck = 1500;
				TargetAttributes = {
					C8C5055E2B3FFE4D00B68DA9 = {
						CreatedOnToolsVersion = 15.0.1;
					};
					C8C505742B3FFE8400B68DA9 = {
						CreatedOnToolsVersion = 15.0.1;
					};
				};
			};
			buildConfigurationList = C8C5055A2B3FFE4D00B68DA9 /* Build configuration list for PBXProject "Example" */;
			compatibilityVersion = "Xcode 14.0";
			developmentRegion = en;
			hasScannedForEncodings = 0;
			knownRegions = (
				en,
				Base,
			);
			mainGroup = C8C505562B3FFE4D00B68DA9;
			productRefGroup = C8C505602B3FFE4D00B68DA9 /* Products */;
			projectDirPath = "";
			projectRoot = "";
			targets = (
				C8C5055E2B3FFE4D00B68DA9 /* Example */,
				C8C505742B3FFE8400B68DA9 /* ExampleExtension */,
			);
		};
/* End PBXProject section */

/* Begin PBXResourcesBuildPhase section */
		C8C5055D2B3FFE4D00B68DA9 /* Resources */ = {
			isa = PBXResourcesBuildPhase;
			buildActionMask = 2147483647;
			files = (
				C8C5056A2B3FFE4E00B68DA9 /* Preview Assets.xcassets in Resources */,
				C8C505672B3FFE4E00B68DA9 /* Assets.xcassets in Resources */,
			);
			runOnlyForDeploymentPostprocessing = 0;
		};
		C8C505732B3FFE8400B68DA9 /* Resources */ = {
			isa = PBXResourcesBuildPhase;
			buildActionMask = 2147483647;
			files = (
			);
			runOnlyForDeploymentPostprocessing = 0;
		};
/* End PBXResourcesBuildPhase section */

/* Begin PBXSourcesBuildPhase section */
		C8C5055B2B3FFE4D00B68DA9 /* Sources */ = {
			isa = PBXSourcesBuildPhase;
			buildActionMask = 2147483647;
			files = (
				C8C505652B3FFE4D00B68DA9 /* ContentView.swift in Sources */,
				C8C505632B3FFE4D00B68DA9 /* ExampleApp.swift in Sources */,
			);
			runOnlyForDeploymentPostprocessing = 0;
		};
		C8C505712B3FFE8400B68DA9 /* Sources */ = {
			isa = PBXSourcesBuildPhase;
			buildActionMask = 2147483647;
			files = (
				C8C505782B3FFE8400B68DA9 /* ExampleExtension.swift in Sources */,
				C8C505832B3FFF0500B68DA9 /* SceneConfiguration.swift in Sources */,
				C8C1258B2B40002200586063 /* SuggestionService.swift in Sources */,
			);
			runOnlyForDeploymentPostprocessing = 0;
		};
/* End PBXSourcesBuildPhase section */

/* Begin PBXTargetDependency section */
		C8C5057C2B3FFE8400B68DA9 /* PBXTargetDependency */ = {
			isa = PBXTargetDependency;
			target = C8C505742B3FFE8400B68DA9 /* ExampleExtension */;
			targetProxy = C8C5057B2B3FFE8400B68DA9 /* PBXContainerItemProxy */;
		};
/* End PBXTargetDependency section */

/* Begin XCBuildConfiguration section */
		C8C5056C2B3FFE4E00B68DA9 /* Debug */ = {
			isa = XCBuildConfiguration;
			buildSettings = {
				ALWAYS_SEARCH_USER_PATHS = NO;
				ASSETCATALOG_COMPILER_GENERATE_SWIFT_ASSET_SYMBOL_EXTENSIONS = YES;
				CLANG_ANALYZER_NONNULL = YES;
				CLANG_ANALYZER_NUMBER_OBJECT_CONVERSION = YES_AGGRESSIVE;
				CLANG_CXX_LANGUAGE_STANDARD = "gnu++20";
				CLANG_ENABLE_MODULES = YES;
				CLANG_ENABLE_OBJC_ARC = YES;
				CLANG_ENABLE_OBJC_WEAK = YES;
				CLANG_WARN_BLOCK_CAPTURE_AUTORELEASING = YES;
				CLANG_WARN_BOOL_CONVERSION = YES;
				CLANG_WARN_COMMA = YES;
				CLANG_WARN_CONSTANT_CONVERSION = YES;
				CLANG_WARN_DEPRECATED_OBJC_IMPLEMENTATIONS = YES;
				CLANG_WARN_DIRECT_OBJC_ISA_USAGE = YES_ERROR;
				CLANG_WARN_DOCUMENTATION_COMMENTS = YES;
				CLANG_WARN_EMPTY_BODY = YES;
				CLANG_WARN_ENUM_CONVERSION = YES;
				CLANG_WARN_INFINITE_RECURSION = YES;
				CLANG_WARN_INT_CONVERSION = YES;
				CLANG_WARN_NON_LITERAL_NULL_CONVERSION = YES;
				CLANG_WARN_OBJC_IMPLICIT_RETAIN_SELF = YES;
				CLANG_WARN_OBJC_LITERAL_CONVERSION = YES;
				CLANG_WARN_OBJC_ROOT_CLASS = YES_ERROR;
				CLANG_WARN_QUOTED_INCLUDE_IN_FRAMEWORK_HEADER = YES;
				CLANG_WARN_RANGE_LOOP_ANALYSIS = YES;
				CLANG_WARN_STRICT_PROTOTYPES = YES;
				CLANG_WARN_SUSPICIOUS_MOVE = YES;
				CLANG_WARN_UNGUARDED_AVAILABILITY = YES_AGGRESSIVE;
				CLANG_WARN_UNREACHABLE_CODE = YES;
				CLANG_WARN__DUPLICATE_METHOD_MATCH = YES;
				COPY_PHASE_STRIP = NO;
				DEBUG_INFORMATION_FORMAT = dwarf;
				ENABLE_STRICT_OBJC_MSGSEND = YES;
				ENABLE_TESTABILITY = YES;
				ENABLE_USER_SCRIPT_SANDBOXING = YES;
				GCC_C_LANGUAGE_STANDARD = gnu17;
				GCC_DYNAMIC_NO_PIC = NO;
				GCC_NO_COMMON_BLOCKS = YES;
				GCC_OPTIMIZATION_LEVEL = 0;
				GCC_PREPROCESSOR_DEFINITIONS = (
					"DEBUG=1",
					"$(inherited)",
				);
				GCC_WARN_64_TO_32_BIT_CONVERSION = YES;
				GCC_WARN_ABOUT_RETURN_TYPE = YES_ERROR;
				GCC_WARN_UNDECLARED_SELECTOR = YES;
				GCC_WARN_UNINITIALIZED_AUTOS = YES_AGGRESSIVE;
				GCC_WARN_UNUSED_FUNCTION = YES;
				GCC_WARN_UNUSED_VARIABLE = YES;
				LOCALIZATION_PREFERS_STRING_CATALOGS = YES;
				MACOSX_DEPLOYMENT_TARGET = 14.0;
				MTL_ENABLE_DEBUG_INFO = INCLUDE_SOURCE;
				MTL_FAST_MATH = YES;
				ONLY_ACTIVE_ARCH = YES;
				SDKROOT = macosx;
				SWIFT_ACTIVE_COMPILATION_CONDITIONS = "DEBUG $(inherited)";
				SWIFT_OPTIMIZATION_LEVEL = "-Onone";
			};
			name = Debug;
		};
		C8C5056D2B3FFE4E00B68DA9 /* Release */ = {
			isa = XCBuildConfiguration;
			buildSettings = {
				ALWAYS_SEARCH_USER_PATHS = NO;
				ASSETCATALOG_COMPILER_GENERATE_SWIFT_ASSET_SYMBOL_EXTENSIONS = YES;
				CLANG_ANALYZER_NONNULL = YES;
				CLANG_ANALYZER_NUMBER_OBJECT_CONVERSION = YES_AGGRESSIVE;
				CLANG_CXX_LANGUAGE_STANDARD = "gnu++20";
				CLANG_ENABLE_MODULES = YES;
				CLANG_ENABLE_OBJC_ARC = YES;
				CLANG_ENABLE_OBJC_WEAK = YES;
				CLANG_WARN_BLOCK_CAPTURE_AUTORELEASING = YES;
				CLANG_WARN_BOOL_CONVERSION = YES;
				CLANG_WARN_COMMA = YES;
				CLANG_WARN_CONSTANT_CONVERSION = YES;
				CLANG_WARN_DEPRECATED_OBJC_IMPLEMENTATIONS = YES;
				CLANG_WARN_DIRECT_OBJC_ISA_USAGE = YES_ERROR;
				CLANG_WARN_DOCUMENTATION_COMMENTS = YES;
				CLANG_WARN_EMPTY_BODY = YES;
				CLANG_WARN_ENUM_CONVERSION = YES;
				CLANG_WARN_INFINITE_RECURSION = YES;
				CLANG_WARN_INT_CONVERSION = YES;
				CLANG_WARN_NON_LITERAL_NULL_CONVERSION = YES;
				CLANG_WARN_OBJC_IMPLICIT_RETAIN_SELF = YES;
				CLANG_WARN_OBJC_LITERAL_CONVERSION = YES;
				CLANG_WARN_OBJC_ROOT_CLASS = YES_ERROR;
				CLANG_WARN_QUOTED_INCLUDE_IN_FRAMEWORK_HEADER = YES;
				CLANG_WARN_RANGE_LOOP_ANALYSIS = YES;
				CLANG_WARN_STRICT_PROTOTYPES = YES;
				CLANG_WARN_SUSPICIOUS_MOVE = YES;
				CLANG_WARN_UNGUARDED_AVAILABILITY = YES_AGGRESSIVE;
				CLANG_WARN_UNREACHABLE_CODE = YES;
				CLANG_WARN__DUPLICATE_METHOD_MATCH = YES;
				COPY_PHASE_STRIP = NO;
				DEBUG_INFORMATION_FORMAT = "dwarf-with-dsym";
				ENABLE_NS_ASSERTIONS = NO;
				ENABLE_STRICT_OBJC_MSGSEND = YES;
				ENABLE_USER_SCRIPT_SANDBOXING = YES;
				GCC_C_LANGUAGE_STANDARD = gnu17;
				GCC_NO_COMMON_BLOCKS = YES;
				GCC_WARN_64_TO_32_BIT_CONVERSION = YES;
				GCC_WARN_ABOUT_RETURN_TYPE = YES_ERROR;
				GCC_WARN_UNDECLARED_SELECTOR = YES;
				GCC_WARN_UNINITIALIZED_AUTOS = YES_AGGRESSIVE;
				GCC_WARN_UNUSED_FUNCTION = YES;
				GCC_WARN_UNUSED_VARIABLE = YES;
				LOCALIZATION_PREFERS_STRING_CATALOGS = YES;
				MACOSX_DEPLOYMENT_TARGET = 14.0;
				MTL_ENABLE_DEBUG_INFO = NO;
				MTL_FAST_MATH = YES;
				SDKROOT = macosx;
				SWIFT_COMPILATION_MODE = wholemodule;
			};
			name = Release;
		};
		C8C5056F2B3FFE4E00B68DA9 /* Debug */ = {
			isa = XCBuildConfiguration;
			buildSettings = {
				ALWAYS_EMBED_SWIFT_STANDARD_LIBRARIES = YES;
				ASSETCATALOG_COMPILER_APPICON_NAME = AppIcon;
				ASSETCATALOG_COMPILER_GLOBAL_ACCENT_COLOR_NAME = AccentColor;
				CODE_SIGN_ENTITLEMENTS = Example/Example.entitlements;
				CODE_SIGN_STYLE = Automatic;
				COMBINE_HIDPI_IMAGES = YES;
				CURRENT_PROJECT_VERSION = 1;
				DEVELOPMENT_ASSET_PATHS = "\"Example/Preview Content\"";
				DEVELOPMENT_TEAM = 5YKZ4Y3DAW;
				ENABLE_HARDENED_RUNTIME = YES;
				ENABLE_PREVIEWS = YES;
				GENERATE_INFOPLIST_FILE = YES;
				INFOPLIST_KEY_NSHumanReadableCopyright = "";
				LD_RUNPATH_SEARCH_PATHS = (
					"$(inherited)",
					"@executable_path/../Frameworks",
				);
				MARKETING_VERSION = 1.0;
				PRODUCT_BUNDLE_IDENTIFIER = com.intii.CopilotForXcodeKit.Example;
				PRODUCT_NAME = "$(TARGET_NAME)";
				SWIFT_EMIT_LOC_STRINGS = YES;
				SWIFT_VERSION = 5.0;
			};
			name = Debug;
		};
		C8C505702B3FFE4E00B68DA9 /* Release */ = {
			isa = XCBuildConfiguration;
			buildSettings = {
				ALWAYS_EMBED_SWIFT_STANDARD_LIBRARIES = YES;
				ASSETCATALOG_COMPILER_APPICON_NAME = AppIcon;
				ASSETCATALOG_COMPILER_GLOBAL_ACCENT_COLOR_NAME = AccentColor;
				CODE_SIGN_ENTITLEMENTS = Example/Example.entitlements;
				CODE_SIGN_STYLE = Automatic;
				COMBINE_HIDPI_IMAGES = YES;
				CURRENT_PROJECT_VERSION = 1;
				DEVELOPMENT_ASSET_PATHS = "\"Example/Preview Content\"";
				DEVELOPMENT_TEAM = 5YKZ4Y3DAW;
				ENABLE_HARDENED_RUNTIME = YES;
				ENABLE_PREVIEWS = YES;
				GENERATE_INFOPLIST_FILE = YES;
				INFOPLIST_KEY_NSHumanReadableCopyright = "";
				LD_RUNPATH_SEARCH_PATHS = (
					"$(inherited)",
					"@executable_path/../Frameworks",
				);
				MARKETING_VERSION = 1.0;
				PRODUCT_BUNDLE_IDENTIFIER = com.intii.CopilotForXcodeKit.Example;
				PRODUCT_NAME = "$(TARGET_NAME)";
				SWIFT_EMIT_LOC_STRINGS = YES;
				SWIFT_VERSION = 5.0;
			};
			name = Release;
		};
		C8C5057F2B3FFE8400B68DA9 /* Debug */ = {
			isa = XCBuildConfiguration;
			buildSettings = {
				CODE_SIGN_ENTITLEMENTS = ExampleExtension/ExampleExtension.entitlements;
				CODE_SIGN_STYLE = Automatic;
				CURRENT_PROJECT_VERSION = 1;
				DEVELOPMENT_TEAM = 5YKZ4Y3DAW;
				ENABLE_HARDENED_RUNTIME = YES;
				GENERATE_INFOPLIST_FILE = YES;
				INFOPLIST_FILE = ExampleExtension/Info.plist;
				INFOPLIST_KEY_CFBundleDisplayName = "ExampleExtension Debug";
				INFOPLIST_KEY_NSHumanReadableCopyright = "";
				LD_RUNPATH_SEARCH_PATHS = (
					"$(inherited)",
					"@executable_path/../Frameworks",
					"@executable_path/../../../../Frameworks",
				);
				MARKETING_VERSION = 1.0;
				PRODUCT_BUNDLE_IDENTIFIER = com.intii.CopilotForXcodeKit.Example.debug.ExampleExtension;
				PRODUCT_NAME = ExampleExtension;
				SKIP_INSTALL = YES;
				SWIFT_EMIT_LOC_STRINGS = YES;
				SWIFT_VERSION = 5.0;
			};
			name = Debug;
		};
		C8C505802B3FFE8400B68DA9 /* Release */ = {
			isa = XCBuildConfiguration;
			buildSettings = {
				CODE_SIGN_ENTITLEMENTS = ExampleExtension/ExampleExtension.entitlements;
				CODE_SIGN_STYLE = Automatic;
				CURRENT_PROJECT_VERSION = 1;
				DEVELOPMENT_TEAM = 5YKZ4Y3DAW;
				ENABLE_HARDENED_RUNTIME = YES;
				GENERATE_INFOPLIST_FILE = YES;
				INFOPLIST_FILE = ExampleExtension/Info.plist;
				INFOPLIST_KEY_CFBundleDisplayName = ExampleExtension;
				INFOPLIST_KEY_NSHumanReadableCopyright = "";
				LD_RUNPATH_SEARCH_PATHS = (
					"$(inherited)",
					"@executable_path/../Frameworks",
					"@executable_path/../../../../Frameworks",
				);
				MARKETING_VERSION = 1.0;
				PRODUCT_BUNDLE_IDENTIFIER = com.intii.CopilotForXcodeKit.Example.ExampleExtension;
				PRODUCT_NAME = ExampleExtension;
				SKIP_INSTALL = YES;
				SWIFT_EMIT_LOC_STRINGS = YES;
				SWIFT_VERSION = 5.0;
			};
			name = Release;
		};
/* End XCBuildConfiguration section */

/* Begin XCConfigurationList section */
		C8C5055A2B3FFE4D00B68DA9 /* Build configuration list for PBXProject "Example" */ = {
			isa = XCConfigurationList;
			buildConfigurations = (
				C8C5056C2B3FFE4E00B68DA9 /* Debug */,
				C8C5056D2B3FFE4E00B68DA9 /* Release */,
			);
			defaultConfigurationIsVisible = 0;
			defaultConfigurationName = Release;
		};
		C8C5056E2B3FFE4E00B68DA9 /* Build configuration list for PBXNativeTarget "Example" */ = {
			isa = XCConfigurationList;
			buildConfigurations = (
				C8C5056F2B3FFE4E00B68DA9 /* Debug */,
				C8C505702B3FFE4E00B68DA9 /* Release */,
			);
			defaultConfigurationIsVisible = 0;
			defaultConfigurationName = Release;
		};
		C8C505812B3FFE8400B68DA9 /* Build configuration list for PBXNativeTarget "ExampleExtension" */ = {
			isa = XCConfigurationList;
			buildConfigurations = (
				C8C5057F2B3FFE8400B68DA9 /* Debug */,
				C8C505802B3FFE8400B68DA9 /* Release */,
			);
			defaultConfigurationIsVisible = 0;
			defaultConfigurationName = Release;
		};
/* End XCConfigurationList section */

/* Begin XCSwiftPackageProductDependency section */
		C8C125882B40000300586063 /* CopilotForXcodeKit */ = {
			isa = XCSwiftPackageProductDependency;
			productName = CopilotForXcodeKit;
		};
/* End XCSwiftPackageProductDependency section */
	};
	rootObject = C8C505572B3FFE4D00B68DA9 /* Project object */;
}
